
Microsoft Visual Studio Solution File, Format Version 12.00
# Visual Studio Version 17
VisualStudioVersion = 17.7.34024.191
MinimumVisualStudioVersion = 10.0.40219.1
Project("{9A19103F-16F7-4668-BE54-9A1E7A4F7556}") = "Begrüßung", "Begrüßung.csproj", "{3932A43E-1673-4532-94FF-5142397C5A02}"
EndProject
Project("{9A19103F-16F7-4668-BE54-9A1E7A4F7556}") = "Ampel_Sim", "..\Ampel_Sim\Ampel_Sim.csproj", "{DDC554C7-E9EA-42CF-AEFA-BBA62E5A79D6}"
EndProject
Project("{9A19103F-16F7-4668-BE54-9A1E7A4F7556}") = "Roboter_Sim", "..\Roboter_Sim\Roboter_Sim.csproj", "{9867596B-FFF9-4629-8513-C4ABA4A7C0A1}"
EndProject
Project("{9A19103F-16F7-4668-BE54-9A1E7A4F7556}") = "Elementare_Datentypen", "..\Elementare_Datentypen\Elementare_Datentypen.csproj", "{4692FA64-B9FC-4908-A0DE-FD8D45B6AA6E}"
EndProject
Project("{9A19103F-16F7-4668-BE54-9A1E7A4F7556}") = "Gauß_algorithmus", "..\Gauß_algorithmus\Gauß_algorithmus.csproj", "{AD1AAA65-EF5A-43BC-AC9A-F463F2E583BF}"
EndProject
Project("{9A19103F-16F7-4668-BE54-9A1E7A4F7556}") = "LagerPlatz", "..\LagerPlatz\LagerPlatz.csproj", "{1860CBE7-99E8-4D4C-A640-C46CE1A13254}"
EndProject
Project("{9A19103F-16F7-4668-BE54-9A1E7A4F7556}") = "3D_Array", "..\3D_Array\3D_Array.csproj", "{706D843A-BB55-4173-9533-4BD6C793EC25}"
EndProject
Project("{9A19103F-16F7-4668-BE54-9A1E7A4F7556}") = "LottoClient", "..\LottoClient\LottoClient.csproj", "{91E19B24-625D-458C-989D-DF89BE3AA10A}"
EndProject
Project("{9A19103F-16F7-4668-BE54-9A1E7A4F7556}") = "Rolltor", "..\Rolltor\Rolltor.csproj", "{A4866320-C1E2-443C-9949-D51E73285E3E}"
EndProject
Project("{9A19103F-16F7-4668-BE54-9A1E7A4F7556}") = "Betriebstundenzaehler", "..\Betriebstundenzaehler\Betriebstundenzaehler.csproj", "{08402BC6-87F7-4B92-A9D5-D22C5EEBF6FA}"
EndProject
Project("{9A19103F-16F7-4668-BE54-9A1E7A4F7556}") = "Zähler_Demo", "..\Zähler_Demo\Zähler_Demo.csproj", "{CB6776E8-35E2-4CB3-920F-5A9D04421B10}"
EndProject
Project("{9A19103F-16F7-4668-BE54-9A1E7A4F7556}") = "Auto_Simulation", "..\Auto_Simulation\Auto_Simulation.csproj", "{43ECC698-7CA2-4768-91EF-B814456EF3FF}"
EndProject
Project("{9A19103F-16F7-4668-BE54-9A1E7A4F7556}") = "Vererbung_AnzeigeElement", "..\Vererbung_AnzeigeElement\Vererbung_AnzeigeElement.csproj", "{697A3955-B634-4D1D-8FF0-C3FEEF39EF44}"
EndProject
Project("{FAE04EC0-301F-11D3-BF4B-00C04F79EFBC}") = "Perspektivische_Wand", "..\Perspektivische_Wand\Perspektivische_Wand.csproj", "{38F25335-0A45-4BC5-82EE-E916D911DF65}"
EndProject
Project("{FAE04EC0-301F-11D3-BF4B-00C04F79EFBC}") = "Pumpe_Vererbung", "..\Pumpe_Vererbung\Pumpe_Vererbung.csproj", "{A4244511-A3B8-45C0-B239-8BA110A8F93F}"
EndProject
Project("{FAE04EC0-301F-11D3-BF4B-00C04F79EFBC}") = "Perspektivische_Felder", "..\Perspektivische_Felder\Perspektivische_Felder.csproj", "{D307C0E9-4F26-4A03-8F83-68E435F8EE9F}"
EndProject
Global
	GlobalSection(SolutionConfigurationPlatforms) = preSolution
		Debug|Any CPU = Debug|Any CPU
		Release|Any CPU = Release|Any CPU
	EndGlobalSection
	GlobalSection(ProjectConfigurationPlatforms) = postSolution
		{3932A43E-1673-4532-94FF-5142397C5A02}.Debug|Any CPU.ActiveCfg = Debug|Any CPU
		{3932A43E-1673-4532-94FF-5142397C5A02}.Debug|Any CPU.Build.0 = Debug|Any CPU
		{3932A43E-1673-4532-94FF-5142397C5A02}.Release|Any CPU.ActiveCfg = Release|Any CPU
		{3932A43E-1673-4532-94FF-5142397C5A02}.Release|Any CPU.Build.0 = Release|Any CPU
		{DDC554C7-E9EA-42CF-AEFA-BBA62E5A79D6}.Debug|Any CPU.ActiveCfg = Debug|Any CPU
		{DDC554C7-E9EA-42CF-AEFA-BBA62E5A79D6}.Debug|Any CPU.Build.0 = Debug|Any CPU
		{DDC554C7-E9EA-42CF-AEFA-BBA62E5A79D6}.Release|Any CPU.ActiveCfg = Release|Any CPU
		{DDC554C7-E9EA-42CF-AEFA-BBA62E5A79D6}.Release|Any CPU.Build.0 = Release|Any CPU
		{9867596B-FFF9-4629-8513-C4ABA4A7C0A1}.Debug|Any CPU.ActiveCfg = Debug|Any CPU
		{9867596B-FFF9-4629-8513-C4ABA4A7C0A1}.Debug|Any CPU.Build.0 = Debug|Any CPU
		{9867596B-FFF9-4629-8513-C4ABA4A7C0A1}.Release|Any CPU.ActiveCfg = Release|Any CPU
		{9867596B-FFF9-4629-8513-C4ABA4A7C0A1}.Release|Any CPU.Build.0 = Release|Any CPU
		{4692FA64-B9FC-4908-A0DE-FD8D45B6AA6E}.Debug|Any CPU.ActiveCfg = Debug|Any CPU
		{4692FA64-B9FC-4908-A0DE-FD8D45B6AA6E}.Debug|Any CPU.Build.0 = Debug|Any CPU
		{4692FA64-B9FC-4908-A0DE-FD8D45B6AA6E}.Release|Any CPU.ActiveCfg = Release|Any CPU
		{4692FA64-B9FC-4908-A0DE-FD8D45B6AA6E}.Release|Any CPU.Build.0 = Release|Any CPU
		{AD1AAA65-EF5A-43BC-AC9A-F463F2E583BF}.Debug|Any CPU.ActiveCfg = Debug|Any CPU
		{AD1AAA65-EF5A-43BC-AC9A-F463F2E583BF}.Debug|Any CPU.Build.0 = Debug|Any CPU
		{AD1AAA65-EF5A-43BC-AC9A-F463F2E583BF}.Release|Any CPU.ActiveCfg = Release|Any CPU
		{AD1AAA65-EF5A-43BC-AC9A-F463F2E583BF}.Release|Any CPU.Build.0 = Release|Any CPU
		{1860CBE7-99E8-4D4C-A640-C46CE1A13254}.Debug|Any CPU.ActiveCfg = Debug|Any CPU
		{1860CBE7-99E8-4D4C-A640-C46CE1A13254}.Debug|Any CPU.Build.0 = Debug|Any CPU
		{1860CBE7-99E8-4D4C-A640-C46CE1A13254}.Release|Any CPU.ActiveCfg = Release|Any CPU
		{1860CBE7-99E8-4D4C-A640-C46CE1A13254}.Release|Any CPU.Build.0 = Release|Any CPU
		{706D843A-BB55-4173-9533-4BD6C793EC25}.Debug|Any CPU.ActiveCfg = Debug|Any CPU
		{706D843A-BB55-4173-9533-4BD6C793EC25}.Debug|Any CPU.Build.0 = Debug|Any CPU
		{706D843A-BB55-4173-9533-4BD6C793EC25}.Release|Any CPU.ActiveCfg = Release|Any CPU
		{706D843A-BB55-4173-9533-4BD6C793EC25}.Release|Any CPU.Build.0 = Release|Any CPU
		{91E19B24-625D-458C-989D-DF89BE3AA10A}.Debug|Any CPU.ActiveCfg = Debug|Any CPU
		{91E19B24-625D-458C-989D-DF89BE3AA10A}.Debug|Any CPU.Build.0 = Debug|Any CPU
		{91E19B24-625D-458C-989D-DF89BE3AA10A}.Release|Any CPU.ActiveCfg = Release|Any CPU
		{91E19B24-625D-458C-989D-DF89BE3AA10A}.Release|Any CPU.Build.0 = Release|Any CPU
		{A4866320-C1E2-443C-9949-D51E73285E3E}.Debug|Any CPU.ActiveCfg = Debug|Any CPU
		{A4866320-C1E2-443C-9949-D51E73285E3E}.Debug|Any CPU.Build.0 = Debug|Any CPU
		{A4866320-C1E2-443C-9949-D51E73285E3E}.Release|Any CPU.ActiveCfg = Release|Any CPU
		{A4866320-C1E2-443C-9949-D51E73285E3E}.Release|Any CPU.Build.0 = Release|Any CPU
		{08402BC6-87F7-4B92-A9D5-D22C5EEBF6FA}.Debug|Any CPU.ActiveCfg = Debug|Any CPU
		{08402BC6-87F7-4B92-A9D5-D22C5EEBF6FA}.Debug|Any CPU.Build.0 = Debug|Any CPU
		{08402BC6-87F7-4B92-A9D5-D22C5EEBF6FA}.Release|Any CPU.ActiveCfg = Release|Any CPU
		{08402BC6-87F7-4B92-A9D5-D22C5EEBF6FA}.Release|Any CPU.Build.0 = Release|Any CPU
		{CB6776E8-35E2-4CB3-920F-5A9D04421B10}.Debug|Any CPU.ActiveCfg = Debug|Any CPU
		{CB6776E8-35E2-4CB3-920F-5A9D04421B10}.Debug|Any CPU.Build.0 = Debug|Any CPU
		{CB6776E8-35E2-4CB3-920F-5A9D04421B10}.Release|Any CPU.ActiveCfg = Release|Any CPU
		{CB6776E8-35E2-4CB3-920F-5A9D04421B10}.Release|Any CPU.Build.0 = Release|Any CPU
		{43ECC698-7CA2-4768-91EF-B814456EF3FF}.Debug|Any CPU.ActiveCfg = Debug|Any CPU
		{43ECC698-7CA2-4768-91EF-B814456EF3FF}.Debug|Any CPU.Build.0 = Debug|Any CPU
		{43ECC698-7CA2-4768-91EF-B814456EF3FF}.Release|Any CPU.ActiveCfg = Release|Any CPU
		{43ECC698-7CA2-4768-91EF-B814456EF3FF}.Release|Any CPU.Build.0 = Release|Any CPU
		{697A3955-B634-4D1D-8FF0-C3FEEF39EF44}.Debug|Any CPU.ActiveCfg = Debug|Any CPU
		{697A3955-B634-4D1D-8FF0-C3FEEF39EF44}.Debug|Any CPU.Build.0 = Debug|Any CPU
		{697A3955-B634-4D1D-8FF0-C3FEEF39EF44}.Release|Any CPU.ActiveCfg = Release|Any CPU
		{697A3955-B634-4D1D-8FF0-C3FEEF39EF44}.Release|Any CPU.Build.0 = Release|Any CPU
		{38F25335-0A45-4BC5-82EE-E916D911DF65}.Debug|Any CPU.ActiveCfg = Debug|Any CPU
		{38F25335-0A45-4BC5-82EE-E916D911DF65}.Debug|Any CPU.Build.0 = Debug|Any CPU
		{38F25335-0A45-4BC5-82EE-E916D911DF65}.Release|Any CPU.ActiveCfg = Release|Any CPU
		{38F25335-0A45-4BC5-82EE-E916D911DF65}.Release|Any CPU.Build.0 = Release|Any CPU
		{A4244511-A3B8-45C0-B239-8BA110A8F93F}.Debug|Any CPU.ActiveCfg = Debug|Any CPU
		{A4244511-A3B8-45C0-B239-8BA110A8F93F}.Debug|Any CPU.Build.0 = Debug|Any CPU
		{A4244511-A3B8-45C0-B239-8BA110A8F93F}.Release|Any CPU.ActiveCfg = Release|Any CPU
		{A4244511-A3B8-45C0-B239-8BA110A8F93F}.Release|Any CPU.Build.0 = Release|Any CPU
		{D307C0E9-4F26-4A03-8F83-68E435F8EE9F}.Debug|Any CPU.ActiveCfg = Debug|Any CPU
		{D307C0E9-4F26-4A03-8F83-68E435F8EE9F}.Debug|Any CPU.Build.0 = Debug|Any CPU
		{D307C0E9-4F26-4A03-8F83-68E435F8EE9F}.Release|Any CPU.ActiveCfg = Release|Any CPU
		{D307C0E9-4F26-4A03-8F83-68E435F8EE9F}.Release|Any CPU.Build.0 = Release|Any CPU
	EndGlobalSection
	GlobalSection(SolutionProperties) = preSolution
		HideSolutionNode = FALSE
	EndGlobalSection
	GlobalSection(ExtensibilityGlobals) = postSolution
		SolutionGuid = {92611745-9BB7-4D39-BA65-124E1617910E}
	EndGlobalSection
EndGlobal
